// !$*UTF8*$!
{
	archiveVersion = 1;
	classes = {
	};
	objectVersion = 46;
	objects = {

/* Begin PBXBuildFile section */
		B81F3A831E557C5D00CBF3CE /* AppDelegate.swift in Sources */ = {isa = PBXBuildFile; fileRef = B81F3A821E557C5D00CBF3CE /* AppDelegate.swift */; };
		B81F3A851E557C5D00CBF3CE /* ViewController.swift in Sources */ = {isa = PBXBuildFile; fileRef = B81F3A841E557C5D00CBF3CE /* ViewController.swift */; };
		B81F3A881E557C5D00CBF3CE /* Main.storyboard in Resources */ = {isa = PBXBuildFile; fileRef = B81F3A861E557C5D00CBF3CE /* Main.storyboard */; };
		B81F3A8A1E557C5D00CBF3CE /* Assets.xcassets in Resources */ = {isa = PBXBuildFile; fileRef = B81F3A891E557C5D00CBF3CE /* Assets.xcassets */; };
		B81F3A8D1E557C5D00CBF3CE /* LaunchScreen.storyboard in Resources */ = {isa = PBXBuildFile; fileRef = B81F3A8B1E557C5D00CBF3CE /* LaunchScreen.storyboard */; };
		B81F3A981E557C5D00CBF3CE /* gitDemoTHTests.swift in Sources */ = {isa = PBXBuildFile; fileRef = B81F3A971E557C5D00CBF3CE /* gitDemoTHTests.swift */; };
		B81F3AA31E557C5D00CBF3CE /* gitDemoTHUITests.swift in Sources */ = {isa = PBXBuildFile; fileRef = B81F3AA21E557C5D00CBF3CE /* gitDemoTHUITests.swift */; };
/* End PBXBuildFile section */

/* Begin PBXContainerItemProxy section */
		B81F3A941E557C5D00CBF3CE /* PBXContainerItemProxy */ = {
			isa = PBXContainerItemProxy;
			containerPortal = B81F3A771E557C5D00CBF3CE /* Project object */;
			proxyType = 1;
			remoteGlobalIDString = B81F3A7E1E557C5D00CBF3CE;
			remoteInfo = gitDemoTH;
		};
		B81F3A9F1E557C5D00CBF3CE /* PBXContainerItemProxy */ = {
			isa = PBXContainerItemProxy;
			containerPortal = B81F3A771E557C5D00CBF3CE /* Project object */;
			proxyType = 1;
			remoteGlobalIDString = B81F3A7E1E557C5D00CBF3CE;
			remoteInfo = gitDemoTH;
		};
/* End PBXContainerItemProxy section */

/* Begin PBXFileReference section */
		B81F3A7F1E557C5D00CBF3CE /* gitDemoTH.app */ = {isa = PBXFileReference; explicitFileType = wrapper.application; includeInIndex = 0; path = gitDemoTH.app; sourceTree = BUILT_PRODUCTS_DIR; };
		B81F3A821E557C5D00CBF3CE /* AppDelegate.swift */ = {isa = PBXFileReference; lastKnownFileType = sourcecode.swift; path = AppDelegate.swift; sourceTree = "<group>"; };
		B81F3A841E557C5D00CBF3CE /* ViewController.swift */ = {isa = PBXFileReference; lastKnownFileType = sourcecode.swift; path = ViewController.swift; sourceTree = "<group>"; };
		B81F3A871E557C5D00CBF3CE /* Base */ = {isa = PBXFileReference; lastKnownFileType = file.storyboard; name = Base; path = Base.lproj/Main.storyboard; sourceTree = "<group>"; };
		B81F3A891E557C5D00CBF3CE /* Assets.xcassets */ = {isa = PBXFileReference; lastKnownFileType = folder.assetcatalog; path = Assets.xcassets; sourceTree = "<group>"; };
		B81F3A8C1E557C5D00CBF3CE /* Base */ = {isa = PBXFileReference; lastKnownFileType = file.storyboard; name = Base; path = Base.lproj/LaunchScreen.storyboard; sourceTree = "<group>"; };
		B81F3A8E1E557C5D00CBF3CE /* Info.plist */ = {isa = PBXFileReference; lastKnownFileType = text.plist.xml; path = Info.plist; sourceTree = "<group>"; };
		B81F3A931E557C5D00CBF3CE /* gitDemoTHTests.xctest */ = {isa = PBXFileReference; explicitFileType = wrapper.cfbundle; includeInIndex = 0; path = gitDemoTHTests.xctest; sourceTree = BUILT_PRODUCTS_DIR; };
		B81F3A971E557C5D00CBF3CE /* gitDemoTHTests.swift */ = {isa = PBXFileReference; lastKnownFileType = sourcecode.swift; path = gitDemoTHTests.swift; sourceTree = "<group>"; };
		B81F3A991E557C5D00CBF3CE /* Info.plist */ = {isa = PBXFileReference; lastKnownFileType = text.plist.xml; path = Info.plist; sourceTree = "<group>"; };
		B81F3A9E1E557C5D00CBF3CE /* gitDemoTHUITests.xctest */ = {isa = PBXFileReference; explicitFileType = wrapper.cfbundle; includeInIndex = 0; path = gitDemoTHUITests.xctest; sourceTree = BUILT_PRODUCTS_DIR; };
		B81F3AA21E557C5D00CBF3CE /* gitDemoTHUITests.swift */ = {isa = PBXFileReference; lastKnownFileType = sourcecode.swift; path = gitDemoTHUITests.swift; sourceTree = "<group>"; };
		B81F3AA41E557C5D00CBF3CE /* Info.plist */ = {isa = PBXFileReference; lastKnownFileType = text.plist.xml; path = Info.plist; sourceTree = "<group>"; };
/* End PBXFileReference section */

/* Begin PBXFrameworksBuildPhase section */
		B81F3A7C1E557C5D00CBF3CE /* Frameworks */ = {
			isa = PBXFrameworksBuildPhase;
			buildActionMask = 2147483647;
			files = (
			);
			runOnlyForDeploymentPostprocessing = 0;
		};
		B81F3A901E557C5D00CBF3CE /* Frameworks */ = {
			isa = PBXFrameworksBuildPhase;
			buildActionMask = 2147483647;
			files = (
			);
			runOnlyForDeploymentPostprocessing = 0;
		};
		B81F3A9B1E557C5D00CBF3CE /* Frameworks */ = {
			isa = PBXFrameworksBuildPhase;
			buildActionMask = 2147483647;
			files = (
			);
			runOnlyForDeploymentPostprocessing = 0;
		};
/* End PBXFrameworksBuildPhase section */

/* Begin PBXGroup section */
		B81F3A761E557C5D00CBF3CE = {
			isa = PBXGroup;
			children = (
				B81F3A811E557C5D00CBF3CE /* gitDemoTH */,
				B81F3A961E557C5D00CBF3CE /* gitDemoTHTests */,
				B81F3AA11E557C5D00CBF3CE /* gitDemoTHUITests */,
				B81F3A801E557C5D00CBF3CE /* Products */,
			);
			sourceTree = "<group>";
		};
		B81F3A801E557C5D00CBF3CE /* Products */ = {
			isa = PBXGroup;
			children = (
				B81F3A7F1E557C5D00CBF3CE /* gitDemoTH.app */,
				B81F3A931E557C5D00CBF3CE /* gitDemoTHTests.xctest */,
				B81F3A9E1E557C5D00CBF3CE /* gitDemoTHUITests.xctest */,
			);
			name = Products;
			sourceTree = "<group>";
		};
		B81F3A811E557C5D00CBF3CE /* gitDemoTH */ = {
			isa = PBXGroup;
			children = (
				B81F3A821E557C5D00CBF3CE /* AppDelegate.swift */,
				B81F3A841E557C5D00CBF3CE /* ViewController.swift */,
				B81F3A861E557C5D00CBF3CE /* Main.storyboard */,
				B81F3A891E557C5D00CBF3CE /* Assets.xcassets */,
				B81F3A8B1E557C5D00CBF3CE /* LaunchScreen.storyboard */,
				B81F3A8E1E557C5D00CBF3CE /* Info.plist */,
			);
			path = gitDemoTH;
			sourceTree = "<group>";
		};
		B81F3A961E557C5D00CBF3CE /* gitDemoTHTests */ = {
			isa = PBXGroup;
			children = (
				B81F3A971E557C5D00CBF3CE /* gitDemoTHTests.swift */,
				B81F3A991E557C5D00CBF3CE /* Info.plist */,
			);
			path = gitDemoTHTests;
			sourceTree = "<group>";
		};
		B81F3AA11E557C5D00CBF3CE /* gitDemoTHUITests */ = {
			isa = PBXGroup;
			children = (
				B81F3AA21E557C5D00CBF3CE /* gitDemoTHUITests.swift */,
				B81F3AA41E557C5D00CBF3CE /* Info.plist */,
			);
			path = gitDemoTHUITests;
			sourceTree = "<group>";
		};
/* End PBXGroup section */

/* Begin PBXNativeTarget section */
		B81F3A7E1E557C5D00CBF3CE /* gitDemoTH */ = {
			isa = PBXNativeTarget;
			buildConfigurationList = B81F3AA71E557C5D00CBF3CE /* Build configuration list for PBXNativeTarget "gitDemoTH" */;
			buildPhases = (
				B81F3A7B1E557C5D00CBF3CE /* Sources */,
				B81F3A7C1E557C5D00CBF3CE /* Frameworks */,
				B81F3A7D1E557C5D00CBF3CE /* Resources */,
			);
			buildRules = (
			);
			dependencies = (
			);
			name = gitDemoTH;
			productName = gitDemoTH;
			productReference = B81F3A7F1E557C5D00CBF3CE /* gitDemoTH.app */;
			productType = "com.apple.product-type.application";
		};
		B81F3A921E557C5D00CBF3CE /* gitDemoTHTests */ = {
			isa = PBXNativeTarget;
			buildConfigurationList = B81F3AAA1E557C5D00CBF3CE /* Build configuration list for PBXNativeTarget "gitDemoTHTests" */;
			buildPhases = (
				B81F3A8F1E557C5D00CBF3CE /* Sources */,
				B81F3A901E557C5D00CBF3CE /* Frameworks */,
				B81F3A911E557C5D00CBF3CE /* Resources */,
			);
			buildRules = (
			);
			dependencies = (
				B81F3A951E557C5D00CBF3CE /* PBXTargetDependency */,
			);
			name = gitDemoTHTests;
			productName = gitDemoTHTests;
			productReference = B81F3A931E557C5D00CBF3CE /* gitDemoTHTests.xctest */;
			productType = "com.apple.product-type.bundle.unit-test";
		};
		B81F3A9D1E557C5D00CBF3CE /* gitDemoTHUITests */ = {
			isa = PBXNativeTarget;
			buildConfigurationList = B81F3AAD1E557C5D00CBF3CE /* Build configuration list for PBXNativeTarget "gitDemoTHUITests" */;
			buildPhases = (
				B81F3A9A1E557C5D00CBF3CE /* Sources */,
				B81F3A9B1E557C5D00CBF3CE /* Frameworks */,
				B81F3A9C1E557C5D00CBF3CE /* Resources */,
			);
			buildRules = (
			);
			dependencies = (
				B81F3AA01E557C5D00CBF3CE /* PBXTargetDependency */,
			);
			name = gitDemoTHUITests;
			productName = gitDemoTHUITests;
			productReference = B81F3A9E1E557C5D00CBF3CE /* gitDemoTHUITests.xctest */;
			productType = "com.apple.product-type.bundle.ui-testing";
		};
/* End PBXNativeTarget section */

/* Begin PBXProject section */
		B81F3A771E557C5D00CBF3CE /* Project object */ = {
			isa = PBXProject;
			attributes = {
				LastSwiftUpdateCheck = 0820;
				LastUpgradeCheck = 0820;
				ORGANIZATIONNAME = yuneec;
				TargetAttributes = {
					B81F3A7E1E557C5D00CBF3CE = {
						CreatedOnToolsVersion = 8.2.1;
						DevelopmentTeam = 7K57RY5M6B;
						ProvisioningStyle = Automatic;
					};
					B81F3A921E557C5D00CBF3CE = {
						CreatedOnToolsVersion = 8.2.1;
						DevelopmentTeam = 7K57RY5M6B;
						ProvisioningStyle = Automatic;
						TestTargetID = B81F3A7E1E557C5D00CBF3CE;
					};
					B81F3A9D1E557C5D00CBF3CE = {
						CreatedOnToolsVersion = 8.2.1;
						DevelopmentTeam = 7K57RY5M6B;
						ProvisioningStyle = Automatic;
						TestTargetID = B81F3A7E1E557C5D00CBF3CE;
					};
				};
			};
			buildConfigurationList = B81F3A7A1E557C5D00CBF3CE /* Build configuration list for PBXProject "gitDemoTH" */;
			compatibilityVersion = "Xcode 3.2";
			developmentRegion = English;
			hasScannedForEncodings = 0;
			knownRegions = (
				en,
				Base,
			);
			mainGroup = B81F3A761E557C5D00CBF3CE;
			productRefGroup = B81F3A801E557C5D00CBF3CE /* Products */;
			projectDirPath = "";
			projectRoot = "";
			targets = (
				B81F3A7E1E557C5D00CBF3CE /* gitDemoTH */,
				B81F3A921E557C5D00CBF3CE /* gitDemoTHTests */,
				B81F3A9D1E557C5D00CBF3CE /* gitDemoTHUITests */,
			);
		};
/* End PBXProject section */

/* Begin PBXResourcesBuildPhase section */
		B81F3A7D1E557C5D00CBF3CE /* Resources */ = {
			isa = PBXResourcesBuildPhase;
			buildActionMask = 2147483647;
			files = (
				B81F3A8D1E557C5D00CBF3CE /* LaunchScreen.storyboard in Resources */,
				B81F3A8A1E557C5D00CBF3CE /* Assets.xcassets in Resources */,
				B81F3A881E557C5D00CBF3CE /* Main.storyboard in Resources */,
			);
			runOnlyForDeploymentPostprocessing = 0;
		};
		B81F3A911E557C5D00CBF3CE /* Resources */ = {
			isa = PBXResourcesBuildPhase;
			buildActionMask = 2147483647;
			files = (
			);
			runOnlyForDeploymentPostprocessing = 0;
		};
		B81F3A9C1E557C5D00CBF3CE /* Resources */ = {
			isa = PBXResourcesBuildPhase;
			buildActionMask = 2147483647;
			files = (
			);
			runOnlyForDeploymentPostprocessing = 0;
		};
/* End PBXResourcesBuildPhase section */

/* Begin PBXSourcesBuildPhase section */
		B81F3A7B1E557C5D00CBF3CE /* Sources */ = {
			isa = PBXSourcesBuildPhase;
			buildActionMask = 2147483647;
			files = (
				B81F3A851E557C5D00CBF3CE /* ViewController.swift in Sources */,
				B81F3A831E557C5D00CBF3CE /* AppDelegate.swift in Sources */,
			);
			runOnlyForDeploymentPostprocessing = 0;
		};
		B81F3A8F1E557C5D00CBF3CE /* Sources */ = {
			isa = PBXSourcesBuildPhase;
			buildActionMask = 2147483647;
			files = (
				B81F3A981E557C5D00CBF3CE /* gitDemoTHTests.swift in Sources */,
			);
			runOnlyForDeploymentPostprocessing = 0;
		};
		B81F3A9A1E557C5D00CBF3CE /* Sources */ = {
			isa = PBXSourcesBuildPhase;
			buildActionMask = 2147483647;
			files = (
				B81F3AA31E557C5D00CBF3CE /* gitDemoTHUITests.swift in Sources */,
			);
			runOnlyForDeploymentPostprocessing = 0;
		};
/* End PBXSourcesBuildPhase section */

/* Begin PBXTargetDependency section */
		B81F3A951E557C5D00CBF3CE /* PBXTargetDependency */ = {
			isa = PBXTargetDependency;
			target = B81F3A7E1E557C5D00CBF3CE /* gitDemoTH */;
			targetProxy = B81F3A941E557C5D00CBF3CE /* PBXContainerItemProxy */;
		};
		B81F3AA01E557C5D00CBF3CE /* PBXTargetDependency */ = {
			isa = PBXTargetDependency;
			target = B81F3A7E1E557C5D00CBF3CE /* gitDemoTH */;
			targetProxy = B81F3A9F1E557C5D00CBF3CE /* PBXContainerItemProxy */;
		};
/* End PBXTargetDependency section */

/* Begin PBXVariantGroup section */
		B81F3A861E557C5D00CBF3CE /* Main.storyboard */ = {
			isa = PBXVariantGroup;
			children = (
				B81F3A871E557C5D00CBF3CE /* Base */,
			);
			name = Main.storyboard;
			sourceTree = "<group>";
		};
		B81F3A8B1E557C5D00CBF3CE /* LaunchScreen.storyboard */ = {
			isa = PBXVariantGroup;
			children = (
				B81F3A8C1E557C5D00CBF3CE /* Base */,
			);
			name = LaunchScreen.storyboard;
			sourceTree = "<group>";
		};
/* End PBXVariantGroup section */

/* Begin XCBuildConfiguration section */
		B81F3AA51E557C5D00CBF3CE /* Debug */ = {
			isa = XCBuildConfiguration;
			buildSettings = {
				ALWAYS_SEARCH_USER_PATHS = NO;
				CLANG_ANALYZER_NONNULL = YES;
				CLANG_CXX_LANGUAGE_STANDARD = "gnu++0x";
				CLANG_CXX_LIBRARY = "libc++";
				CLANG_ENABLE_MODULES = YES;
				CLANG_ENABLE_OBJC_ARC = YES;
				CLANG_WARN_BOOL_CONVERSION = YES;
				CLANG_WARN_CONSTANT_CONVERSION = YES;
				CLANG_WARN_DIRECT_OBJC_ISA_USAGE = YES_ERROR;
				CLANG_WARN_DOCUMENTATION_COMMENTS = YES;
				CLANG_WARN_EMPTY_BODY = YES;
				CLANG_WARN_ENUM_CONVERSION = YES;
				CLANG_WARN_INFINITE_RECURSION = YES;
				CLANG_WARN_INT_CONVERSION = YES;
				CLANG_WARN_OBJC_ROOT_CLASS = YES_ERROR;
				CLANG_WARN_SUSPICIOUS_MOVE = YES;
				CLANG_WARN_UNREACHABLE_CODE = YES;
				CLANG_WARN__DUPLICATE_METHOD_MATCH = YES;
				"CODE_SIGN_IDENTITY[sdk=iphoneos*]" = "iPhone Developer";
				COPY_PHASE_STRIP = NO;
				DEBUG_INFORMATION_FORMAT = dwarf;
				ENABLE_STRICT_OBJC_MSGSEND = YES;
				ENABLE_TESTABILITY = YES;
				GCC_C_LANGUAGE_STANDARD = gnu99;
				GCC_DYNAMIC_NO_PIC = NO;
				GCC_NO_COMMON_BLOCKS = YES;
				GCC_OPTIMIZATION_LEVEL = 0;
				GCC_PREPROCESSOR_DEFINITIONS = (
					"DEBUG=1",
					"$(inherited)",
				);
				GCC_WARN_64_TO_32_BIT_CONVERSION = YES;
				GCC_WARN_ABOUT_RETURN_TYPE = YES_ERROR;
				GCC_WARN_UNDECLARED_SELECTOR = YES;
				GCC_WARN_UNINITIALIZED_AUTOS = YES_AGGRESSIVE;
				GCC_WARN_UNUSED_FUNCTION = YES;
				GCC_WARN_UNUSED_VARIABLE = YES;
				IPHONEOS_DEPLOYMENT_TARGET = 10.2;
				MTL_ENABLE_DEBUG_INFO = YES;
				ONLY_ACTIVE_ARCH = YES;
				SDKROOT = iphoneos;
				SWIFT_ACTIVE_COMPILATION_CONDITIONS = DEBUG;
				SWIFT_OPTIMIZATION_LEVEL = "-Onone";
			};
			name = Debug;
		};
		B81F3AA61E557C5D00CBF3CE /* Release */ = {
			isa = XCBuildConfiguration;
			buildSettings = {
				ALWAYS_SEARCH_USER_PATHS = NO;
				CLANG_ANALYZER_NONNULL = YES;
				CLANG_CXX_LANGUAGE_STANDARD = "gnu++0x";
				CLANG_CXX_LIBRARY = "libc++";
				CLANG_ENABLE_MODULES = YES;
				CLANG_ENABLE_OBJC_ARC = YES;
				CLANG_WARN_BOOL_CONVERSION = YES;
				CLANG_WARN_CONSTANT_CONVERSION = YES;
				CLANG_WARN_DIRECT_OBJC_ISA_USAGE = YES_ERROR;
				CLANG_WARN_DOCUMENTATION_COMMENTS = YES;
				CLANG_WARN_EMPTY_BODY = YES;
				CLANG_WARN_ENUM_CONVERSION = YES;
				CLANG_WARN_INFINITE_RECURSION = YES;
				CLANG_WARN_INT_CONVERSION = YES;
				CLANG_WARN_OBJC_ROOT_CLASS = YES_ERROR;
				CLANG_WARN_SUSPICIOUS_MOVE = YES;
				CLANG_WARN_UNREACHABLE_CODE = YES;
				CLANG_WARN__DUPLICATE_METHOD_MATCH = YES;
				"CODE_SIGN_IDENTITY[sdk=iphoneos*]" = "iPhone Developer";
				COPY_PHASE_STRIP = NO;
				DEBUG_INFORMATION_FORMAT = "dwarf-with-dsym";
				ENABLE_NS_ASSERTIONS = NO;
				ENABLE_STRICT_OBJC_MSGSEND = YES;
				GCC_C_LANGUAGE_STANDARD = gnu99;
				GCC_NO_COMMON_BLOCKS = YES;
				GCC_WARN_64_TO_32_BIT_CONVERSION = YES;
				GCC_WARN_ABOUT_RETURN_TYPE = YES_ERROR;
				GCC_WARN_UNDECLARED_SELECTOR = YES;
				GCC_WARN_UNINITIALIZED_AUTOS = YES_AGGRESSIVE;
				GCC_WARN_UNUSED_FUNCTION = YES;
				GCC_WARN_UNUSED_VARIABLE = YES;
				IPHONEOS_DEPLOYMENT_TARGET = 10.2;
				MTL_ENABLE_DEBUG_INFO = NO;
				SDKROOT = iphoneos;
				SWIFT_OPTIMIZATION_LEVEL = "-Owholemodule";
				VALIDATE_PRODUCT = YES;
			};
			name = Release;
		};
		B81F3AA81E557C5D00CBF3CE /* Debug */ = {
			isa = XCBuildConfiguration;
			buildSettings = {
				ASSETCATALOG_COMPILER_APPICON_NAME = AppIcon;
				DEVELOPMENT_TEAM = 7K57RY5M6B;
				INFOPLIST_FILE = gitDemoTH/Info.plist;
				LD_RUNPATH_SEARCH_PATHS = "$(inherited) @executable_path/Frameworks";
				PRODUCT_BUNDLE_IDENTIFIER = com.yuneec.gitDemoTH;
				PRODUCT_NAME = "$(TARGET_NAME)";
				SWIFT_VERSION = 3.0;
			};
			name = Debug;
		};
		B81F3AA91E557C5D00CBF3CE /* Release */ = {
			isa = XCBuildConfiguration;
			buildSettings = {
				ASSETCATALOG_COMPILER_APPICON_NAME = AppIcon;
				DEVELOPMENT_TEAM = 7K57RY5M6B;
				INFOPLIST_FILE = gitDemoTH/Info.plist;
				LD_RUNPATH_SEARCH_PATHS = "$(inherited) @executable_path/Frameworks";
				PRODUCT_BUNDLE_IDENTIFIER = com.yuneec.gitDemoTH;
				PRODUCT_NAME = "$(TARGET_NAME)";
				SWIFT_VERSION = 3.0;
			};
			name = Release;
		};
		B81F3AAB1E557C5D00CBF3CE /* Debug */ = {
			isa = XCBuildConfiguration;
			buildSettings = {
				ALWAYS_EMBED_SWIFT_STANDARD_LIBRARIES = YES;
				BUNDLE_LOADER = "$(TEST_HOST)";
				DEVELOPMENT_TEAM = 7K57RY5M6B;
				INFOPLIST_FILE = gitDemoTHTests/Info.plist;
				LD_RUNPATH_SEARCH_PATHS = "$(inherited) @executable_path/Frameworks @loader_path/Frameworks";
				PRODUCT_BUNDLE_IDENTIFIER = com.yuneec.gitDemoTHTests;
				PRODUCT_NAME = "$(TARGET_NAME)";
				SWIFT_VERSION = 3.0;
				TEST_HOST = "$(BUILT_PRODUCTS_DIR)/gitDemoTH.app/gitDemoTH";
			};
			name = Debug;
		};
		B81F3AAC1E557C5D00CBF3CE /* Release */ = {
			isa = XCBuildConfiguration;
			buildSettings = {
				ALWAYS_EMBED_SWIFT_STANDARD_LIBRARIES = YES;
				BUNDLE_LOADER = "$(TEST_HOST)";
				DEVELOPMENT_TEAM = 7K57RY5M6B;
				INFOPLIST_FILE = gitDemoTHTests/Info.plist;
				LD_RUNPATH_SEARCH_PATHS = "$(inherited) @executable_path/Frameworks @loader_path/Frameworks";
				PRODUCT_BUNDLE_IDENTIFIER = com.yuneec.gitDemoTHTests;
				PRODUCT_NAME = "$(TARGET_NAME)";
				SWIFT_VERSION = 3.0;
				TEST_HOST = "$(BUILT_PRODUCTS_DIR)/gitDemoTH.app/gitDemoTH";
			};
			name = Release;
		};
		B81F3AAE1E557C5D00CBF3CE /* Debug */ = {
			isa = XCBuildConfiguration;
			buildSettings = {
				ALWAYS_EMBED_SWIFT_STANDARD_LIBRARIES = YES;
				DEVELOPMENT_TEAM = 7K57RY5M6B;
				INFOPLIST_FILE = gitDemoTHUITests/Info.plist;
				LD_RUNPATH_SEARCH_PATHS = "$(inherited) @executable_path/Frameworks @loader_path/Frameworks";
				PRODUCT_BUNDLE_IDENTIFIER = com.yuneec.gitDemoTHUITests;
				PRODUCT_NAME = "$(TARGET_NAME)";
				SWIFT_VERSION = 3.0;
				TEST_TARGET_NAME = gitDemoTH;
			};
			name = Debug;
		};
		B81F3AAF1E557C5D00CBF3CE /* Release */ = {
			isa = XCBuildConfiguration;
			buildSettings = {
				ALWAYS_EMBED_SWIFT_STANDARD_LIBRARIES = YES;
				DEVELOPMENT_TEAM = 7K57RY5M6B;
				INFOPLIST_FILE = gitDemoTHUITests/Info.plist;
				LD_RUNPATH_SEARCH_PATHS = "$(inherited) @executable_path/Frameworks @loader_path/Frameworks";
				PRODUCT_BUNDLE_IDENTIFIER = com.yuneec.gitDemoTHUITests;
				PRODUCT_NAME = "$(TARGET_NAME)";
				SWIFT_VERSION = 3.0;
				TEST_TARGET_NAME = gitDemoTH;
			};
			name = Release;
		};
/* End XCBuildConfiguration section */

/* Begin XCConfigurationList section */
		B81F3A7A1E557C5D00CBF3CE /* Build configuration list for PBXProject "gitDemoTH" */ = {
			isa = XCConfigurationList;
			buildConfigurations = (
				B81F3AA51E557C5D00CBF3CE /* Debug */,
				B81F3AA61E557C5D00CBF3CE /* Release */,
			);
			defaultConfigurationIsVisible = 0;
			defaultConfigurationName = Release;
		};
		B81F3AA71E557C5D00CBF3CE /* Build configuration list for PBXNativeTarget "gitDemoTH" */ = {
			isa = XCConfigurationList;
			buildConfigurations = (
				B81F3AA81E557C5D00CBF3CE /* Debug */,
				B81F3AA91E557C5D00CBF3CE /* Release */,
			);
			defaultConfigurationIsVisible = 0;
		};
		B81F3AAA1E557C5D00CBF3CE /* Build configuration list for PBXNativeTarget "gitDemoTHTests" */ = {
			isa = XCConfigurationList;
			buildConfigurations = (
				B81F3AAB1E557C5D00CBF3CE /* Debug */,
				B81F3AAC1E557C5D00CBF3CE /* Release */,
			);
			defaultConfigurationIsVisible = 0;
		};
		B81F3AAD1E557C5D00CBF3CE /* Build configuration list for PBXNativeTarget "gitDemoTHUITests" */ = {
			isa = XCConfigurationList;
			buildConfigurations = (
				B81F3AAE1E557C5D00CBF3CE /* Debug */,
				B81F3AAF1E557C5D00CBF3CE /* Release */,
			);
			defaultConfigurationIsVisible = 0;
		};
/* End XCConfigurationList section */
	};
	rootObject = B81F3A771E557C5D00CBF3CE /* Project object */;
}
